
Microsoft Visual Studio Solution File, Format Version 12.00
# Visual Studio Version 16
VisualStudioVersion = 16.0.30204.135
MinimumVisualStudioVersion = 10.0.40219.1
Project("{9A19103F-16F7-4668-BE54-9A1E7A4F7556}") = "BlckBook", "BlckBook\BlckBook.csproj", "{2585983A-0FC7-4894-A82E-D02CE164B53B}"
EndProject
Project("{9A19103F-16F7-4668-BE54-9A1E7A4F7556}") = "BlckApp", "..\BlckApp\BlckApp\BlckApp\BlckApp.csproj", "{7C7EFD2E-E0B8-4E61-9751-E4BEAAD43F6D}"
EndProject
Global
	GlobalSection(SolutionConfigurationPlatforms) = preSolution
		Debug|Any CPU = Debug|Any CPU
		Release|Any CPU = Release|Any CPU
	EndGlobalSection
	GlobalSection(ProjectConfigurationPlatforms) = postSolution
		{2585983A-0FC7-4894-A82E-D02CE164B53B}.Debug|Any CPU.ActiveCfg = Debug|Any CPU
		{2585983A-0FC7-4894-A82E-D02CE164B53B}.Debug|Any CPU.Build.0 = Debug|Any CPU
		{2585983A-0FC7-4894-A82E-D02CE164B53B}.Release|Any CPU.ActiveCfg = Release|Any CPU
		{2585983A-0FC7-4894-A82E-D02CE164B53B}.Release|Any CPU.Build.0 = Release|Any CPU
		{7C7EFD2E-E0B8-4E61-9751-E4BEAAD43F6D}.Debug|Any CPU.ActiveCfg = Debug|Any CPU
		{7C7EFD2E-E0B8-4E61-9751-E4BEAAD43F6D}.Debug|Any CPU.Build.0 = Debug|Any CPU
		{7C7EFD2E-E0B8-4E61-9751-E4BEAAD43F6D}.Release|Any CPU.ActiveCfg = Release|Any CPU
		{7C7EFD2E-E0B8-4E61-9751-E4BEAAD43F6D}.Release|Any CPU.Build.0 = Release|Any CPU
	EndGlobalSection
	GlobalSection(SolutionProperties) = preSolution
		HideSolutionNode = FALSE
	EndGlobalSection
	GlobalSection(ExtensibilityGlobals) = postSolution
		SolutionGuid = {FAC38664-506B-47E0-A6BA-DCDAB9C75FBA}
	EndGlobalSection
EndGlobal
